
Microsoft Visual Studio Solution File, Format Version 12.00
# Visual Studio Version 17
VisualStudioVersion = 17.8.34330.188
MinimumVisualStudioVersion = 10.0.40219.1
Project("{9A19103F-16F7-4668-BE54-9A1E7A4F7556}") = "MovieInfoWebAPI", "MovieInfoWebAPI\MovieInfoWebAPI.csproj", "{81F3CEB2-E24F-438B-96FF-DAEA992B3155}"
EndProject
Project("{9A19103F-16F7-4668-BE54-9A1E7A4F7556}") = "MovieInfoWebAPI.Services", "MovieInfoWebAPI.Services\MovieInfoWebAPI.Services.csproj", "{5BF275E8-AE82-428E-B040-60AF75043BA8}"
EndProject
Project("{9A19103F-16F7-4668-BE54-9A1E7A4F7556}") = "MovieInfoWebAPI.Models", "MovieInfoWebAPI.Models\MovieInfoWebAPI.Models.csproj", "{D9310439-58D8-4ED4-90E3-FF52DEB61515}"
EndProject
Project("{9A19103F-16F7-4668-BE54-9A1E7A4F7556}") = "MovieInfoWebAPI.Repositories", "MovieInfoWebAPI.Repositories\MovieInfoWebAPI.Repositories.csproj", "{93BC48D1-6966-405D-B1FE-AA8A30E0F70B}"
EndProject
Global
	GlobalSection(SolutionConfigurationPlatforms) = preSolution
		Debug|Any CPU = Debug|Any CPU
		Release|Any CPU = Release|Any CPU
	EndGlobalSection
	GlobalSection(ProjectConfigurationPlatforms) = postSolution
		{81F3CEB2-E24F-438B-96FF-DAEA992B3155}.Debug|Any CPU.ActiveCfg = Debug|Any CPU
		{81F3CEB2-E24F-438B-96FF-DAEA992B3155}.Debug|Any CPU.Build.0 = Debug|Any CPU
		{81F3CEB2-E24F-438B-96FF-DAEA992B3155}.Release|Any CPU.ActiveCfg = Release|Any CPU
		{81F3CEB2-E24F-438B-96FF-DAEA992B3155}.Release|Any CPU.Build.0 = Release|Any CPU
		{5BF275E8-AE82-428E-B040-60AF75043BA8}.Debug|Any CPU.ActiveCfg = Debug|Any CPU
		{5BF275E8-AE82-428E-B040-60AF75043BA8}.Debug|Any CPU.Build.0 = Debug|Any CPU
		{5BF275E8-AE82-428E-B040-60AF75043BA8}.Release|Any CPU.ActiveCfg = Release|Any CPU
		{5BF275E8-AE82-428E-B040-60AF75043BA8}.Release|Any CPU.Build.0 = Release|Any CPU
		{D9310439-58D8-4ED4-90E3-FF52DEB61515}.Debug|Any CPU.ActiveCfg = Debug|Any CPU
		{D9310439-58D8-4ED4-90E3-FF52DEB61515}.Debug|Any CPU.Build.0 = Debug|Any CPU
		{D9310439-58D8-4ED4-90E3-FF52DEB61515}.Release|Any CPU.ActiveCfg = Release|Any CPU
		{D9310439-58D8-4ED4-90E3-FF52DEB61515}.Release|Any CPU.Build.0 = Release|Any CPU
		{93BC48D1-6966-405D-B1FE-AA8A30E0F70B}.Debug|Any CPU.ActiveCfg = Debug|Any CPU
		{93BC48D1-6966-405D-B1FE-AA8A30E0F70B}.Debug|Any CPU.Build.0 = Debug|Any CPU
		{93BC48D1-6966-405D-B1FE-AA8A30E0F70B}.Release|Any CPU.ActiveCfg = Release|Any CPU
		{93BC48D1-6966-405D-B1FE-AA8A30E0F70B}.Release|Any CPU.Build.0 = Release|Any CPU
	EndGlobalSection
	GlobalSection(SolutionProperties) = preSolution
		HideSolutionNode = FALSE
	EndGlobalSection
	GlobalSection(ExtensibilityGlobals) = postSolution
		SolutionGuid = {6610E493-13E2-41D0-8582-B3EC41FEB86C}
	EndGlobalSection
EndGlobal
